
Microsoft Visual Studio Solution File, Format Version 12.00
# Visual Studio 15
VisualStudioVersion = 15.0.27130.0
MinimumVisualStudioVersion = 10.0.40219.1
Project("{9A19103F-16F7-4668-BE54-9A1E7A4F7556}") = "AdventOfCode2017", "AdventOfCode2017\AdventOfCode2017.csproj", "{BD3F7BDD-BA7C-456A-A13A-F923C62FE5EE}"
EndProject
Project("{9A19103F-16F7-4668-BE54-9A1E7A4F7556}") = "AdventOfCode2017.Test", "AdventOfCode2017.Test\AdventOfCode2017.Test.csproj", "{C6D0A026-6B8A-474B-9232-5BCB460E3EB3}"
EndProject
Project("{2150E333-8FDC-42A3-9474-1A3956D46DE8}") = "Solution Items", "Solution Items", "{365F68CB-193B-427A-84FA-54A53C359C83}"
	ProjectSection(SolutionItems) = preProject
		README.md = README.md
	EndProjectSection
EndProject
Global
	GlobalSection(SolutionConfigurationPlatforms) = preSolution
		Debug|Any CPU = Debug|Any CPU
		Release|Any CPU = Release|Any CPU
	EndGlobalSection
	GlobalSection(ProjectConfigurationPlatforms) = postSolution
		{BD3F7BDD-BA7C-456A-A13A-F923C62FE5EE}.Debug|Any CPU.ActiveCfg = Debug|Any CPU
		{BD3F7BDD-BA7C-456A-A13A-F923C62FE5EE}.Debug|Any CPU.Build.0 = Debug|Any CPU
		{BD3F7BDD-BA7C-456A-A13A-F923C62FE5EE}.Release|Any CPU.ActiveCfg = Release|Any CPU
		{BD3F7BDD-BA7C-456A-A13A-F923C62FE5EE}.Release|Any CPU.Build.0 = Release|Any CPU
		{C6D0A026-6B8A-474B-9232-5BCB460E3EB3}.Debug|Any CPU.ActiveCfg = Debug|Any CPU
		{C6D0A026-6B8A-474B-9232-5BCB460E3EB3}.Debug|Any CPU.Build.0 = Debug|Any CPU
		{C6D0A026-6B8A-474B-9232-5BCB460E3EB3}.Release|Any CPU.ActiveCfg = Release|Any CPU
		{C6D0A026-6B8A-474B-9232-5BCB460E3EB3}.Release|Any CPU.Build.0 = Release|Any CPU
	EndGlobalSection
	GlobalSection(SolutionProperties) = preSolution
		HideSolutionNode = FALSE
	EndGlobalSection
	GlobalSection(ExtensibilityGlobals) = postSolution
		SolutionGuid = {8002B6B9-C95B-4D8A-BC58-AAD10587CC78}
	EndGlobalSection
EndGlobal
